// !$*UTF8*$!
{
	archiveVersion = 1;
	classes = {
	};
	objectVersion = 48;
	objects = {

/* Begin PBXBuildFile section */
		3E9BFF091EF0402500DEB88E /* AppDelegate.swift in Sources */ = {isa = PBXBuildFile; fileRef = 3E9BFF081EF0402500DEB88E /* AppDelegate.swift */; };
		3E9BFF0B1EF0402500DEB88E /* ViewController.swift in Sources */ = {isa = PBXBuildFile; fileRef = 3E9BFF0A1EF0402500DEB88E /* ViewController.swift */; };
		3E9BFF0E1EF0402500DEB88E /* Main.storyboard in Resources */ = {isa = PBXBuildFile; fileRef = 3E9BFF0C1EF0402500DEB88E /* Main.storyboard */; };
		3E9BFF101EF0402500DEB88E /* Assets.xcassets in Resources */ = {isa = PBXBuildFile; fileRef = 3E9BFF0F1EF0402500DEB88E /* Assets.xcassets */; };
		3E9BFF131EF0402500DEB88E /* LaunchScreen.storyboard in Resources */ = {isa = PBXBuildFile; fileRef = 3E9BFF111EF0402500DEB88E /* LaunchScreen.storyboard */; };
/* End PBXBuildFile section */

/* Begin PBXContainerItemProxy section */
		3E9BFF1A1EF0402500DEB88E /* PBXContainerItemProxy */ = {
			isa = PBXContainerItemProxy;
			containerPortal = 3E9BFEFD1EF0402500DEB88E /* Project object */;
			proxyType = 1;
			remoteGlobalIDString = 3E9BFF041EF0402500DEB88E;
			remoteInfo = CollageShare;
		};
		3E9BFF251EF0402500DEB88E /* PBXContainerItemProxy */ = {
			isa = PBXContainerItemProxy;
			containerPortal = 3E9BFEFD1EF0402500DEB88E /* Project object */;
			proxyType = 1;
			remoteGlobalIDString = 3E9BFF041EF0402500DEB88E;
			remoteInfo = CollageShare;
		};
/* End PBXContainerItemProxy section */

/* Begin PBXFileReference section */
		3E9BFF051EF0402500DEB88E /* CollageShare.app */ = {isa = PBXFileReference; explicitFileType = wrapper.application; includeInIndex = 0; path = CollageShare.app; sourceTree = BUILT_PRODUCTS_DIR; };
		3E9BFF081EF0402500DEB88E /* AppDelegate.swift */ = {isa = PBXFileReference; lastKnownFileType = sourcecode.swift; path = AppDelegate.swift; sourceTree = "<group>"; };
		3E9BFF0A1EF0402500DEB88E /* ViewController.swift */ = {isa = PBXFileReference; lastKnownFileType = sourcecode.swift; path = ViewController.swift; sourceTree = "<group>"; };
		3E9BFF0D1EF0402500DEB88E /* Base */ = {isa = PBXFileReference; lastKnownFileType = file.storyboard; name = Base; path = Base.lproj/Main.storyboard; sourceTree = "<group>"; };
		3E9BFF0F1EF0402500DEB88E /* Assets.xcassets */ = {isa = PBXFileReference; lastKnownFileType = folder.assetcatalog; path = Assets.xcassets; sourceTree = "<group>"; };
		3E9BFF121EF0402500DEB88E /* Base */ = {isa = PBXFileReference; lastKnownFileType = file.storyboard; name = Base; path = Base.lproj/LaunchScreen.storyboard; sourceTree = "<group>"; };
		3E9BFF141EF0402500DEB88E /* Info.plist */ = {isa = PBXFileReference; lastKnownFileType = text.plist.xml; path = Info.plist; sourceTree = "<group>"; };
		3E9BFF191EF0402500DEB88E /* CollageShareTests.xctest */ = {isa = PBXFileReference; explicitFileType = wrapper.cfbundle; includeInIndex = 0; path = CollageShareTests.xctest; sourceTree = BUILT_PRODUCTS_DIR; };
		3E9BFF241EF0402500DEB88E /* CollageShareUITests.xctest */ = {isa = PBXFileReference; explicitFileType = wrapper.cfbundle; includeInIndex = 0; path = CollageShareUITests.xctest; sourceTree = BUILT_PRODUCTS_DIR; };
/* End PBXFileReference section */

/* Begin PBXFrameworksBuildPhase section */
		3E9BFF021EF0402500DEB88E /* Frameworks */ = {
			isa = PBXFrameworksBuildPhase;
			buildActionMask = 2147483647;
			files = (
			);
			runOnlyForDeploymentPostprocessing = 0;
		};
		3E9BFF161EF0402500DEB88E /* Frameworks */ = {
			isa = PBXFrameworksBuildPhase;
			buildActionMask = 2147483647;
			files = (
			);
			runOnlyForDeploymentPostprocessing = 0;
		};
		3E9BFF211EF0402500DEB88E /* Frameworks */ = {
			isa = PBXFrameworksBuildPhase;
			buildActionMask = 2147483647;
			files = (
			);
			runOnlyForDeploymentPostprocessing = 0;
		};
/* End PBXFrameworksBuildPhase section */

/* Begin PBXGroup section */
		3E9BFEFC1EF0402500DEB88E = {
			isa = PBXGroup;
			children = (
				3E9BFF071EF0402500DEB88E /* CollageShare */,
				3E9BFF061EF0402500DEB88E /* Products */,
			);
			sourceTree = "<group>";
		};
		3E9BFF061EF0402500DEB88E /* Products */ = {
			isa = PBXGroup;
			children = (
				3E9BFF051EF0402500DEB88E /* CollageShare.app */,
				3E9BFF191EF0402500DEB88E /* CollageShareTests.xctest */,
				3E9BFF241EF0402500DEB88E /* CollageShareUITests.xctest */,
			);
			name = Products;
			sourceTree = "<group>";
		};
		3E9BFF071EF0402500DEB88E /* CollageShare */ = {
			isa = PBXGroup;
			children = (
				3E9BFF081EF0402500DEB88E /* AppDelegate.swift */,
				3E9BFF0A1EF0402500DEB88E /* ViewController.swift */,
				3E9BFF0C1EF0402500DEB88E /* Main.storyboard */,
				3E9BFF0F1EF0402500DEB88E /* Assets.xcassets */,
				3E9BFF111EF0402500DEB88E /* LaunchScreen.storyboard */,
				3E9BFF141EF0402500DEB88E /* Info.plist */,
			);
			path = CollageShare;
			sourceTree = "<group>";
		};
/* End PBXGroup section */

/* Begin PBXNativeTarget section */
		3E9BFF041EF0402500DEB88E /* CollageShare */ = {
			isa = PBXNativeTarget;
			buildConfigurationList = 3E9BFF2D1EF0402500DEB88E /* Build configuration list for PBXNativeTarget "CollageShare" */;
			buildPhases = (
				3E9BFF011EF0402500DEB88E /* Sources */,
				3E9BFF021EF0402500DEB88E /* Frameworks */,
				3E9BFF031EF0402500DEB88E /* Resources */,
			);
			buildRules = (
			);
			dependencies = (
			);
			name = CollageShare;
			productName = CollageShare;
			productReference = 3E9BFF051EF0402500DEB88E /* CollageShare.app */;
			productType = "com.apple.product-type.application";
		};
		3E9BFF181EF0402500DEB88E /* CollageShareTests */ = {
			isa = PBXNativeTarget;
			buildConfigurationList = 3E9BFF301EF0402500DEB88E /* Build configuration list for PBXNativeTarget "CollageShareTests" */;
			buildPhases = (
				3E9BFF151EF0402500DEB88E /* Sources */,
				3E9BFF161EF0402500DEB88E /* Frameworks */,
				3E9BFF171EF0402500DEB88E /* Resources */,
			);
			buildRules = (
			);
			dependencies = (
				3E9BFF1B1EF0402500DEB88E /* PBXTargetDependency */,
			);
			name = CollageShareTests;
			productName = CollageShareTests;
			productReference = 3E9BFF191EF0402500DEB88E /* CollageShareTests.xctest */;
			productType = "com.apple.product-type.bundle.unit-test";
		};
		3E9BFF231EF0402500DEB88E /* CollageShareUITests */ = {
			isa = PBXNativeTarget;
			buildConfigurationList = 3E9BFF331EF0402500DEB88E /* Build configuration list for PBXNativeTarget "CollageShareUITests" */;
			buildPhases = (
				3E9BFF201EF0402500DEB88E /* Sources */,
				3E9BFF211EF0402500DEB88E /* Frameworks */,
				3E9BFF221EF0402500DEB88E /* Resources */,
			);
			buildRules = (
			);
			dependencies = (
				3E9BFF261EF0402500DEB88E /* PBXTargetDependency */,
			);
			name = CollageShareUITests;
			productName = CollageShareUITests;
			productReference = 3E9BFF241EF0402500DEB88E /* CollageShareUITests.xctest */;
			productType = "com.apple.product-type.bundle.ui-testing";
		};
/* End PBXNativeTarget section */

/* Begin PBXProject section */
		3E9BFEFD1EF0402500DEB88E /* Project object */ = {
			isa = PBXProject;
			attributes = {
				LastSwiftUpdateCheck = 0900;
				LastUpgradeCheck = 0900;
				ORGANIZATIONNAME = "Lin Cheng";
				TargetAttributes = {
					3E9BFF041EF0402500DEB88E = {
						CreatedOnToolsVersion = 9.0;
					};
					3E9BFF181EF0402500DEB88E = {
						CreatedOnToolsVersion = 9.0;
						TestTargetID = 3E9BFF041EF0402500DEB88E;
					};
					3E9BFF231EF0402500DEB88E = {
						CreatedOnToolsVersion = 9.0;
						TestTargetID = 3E9BFF041EF0402500DEB88E;
					};
				};
			};
			buildConfigurationList = 3E9BFF001EF0402500DEB88E /* Build configuration list for PBXProject "CollageShare" */;
			compatibilityVersion = "Xcode 8.0";
			developmentRegion = en;
			hasScannedForEncodings = 0;
			knownRegions = (
				en,
				Base,
			);
			mainGroup = 3E9BFEFC1EF0402500DEB88E;
			productRefGroup = 3E9BFF061EF0402500DEB88E /* Products */;
			projectDirPath = "";
			projectRoot = "";
			targets = (
				3E9BFF041EF0402500DEB88E /* CollageShare */,
				3E9BFF181EF0402500DEB88E /* CollageShareTests */,
				3E9BFF231EF0402500DEB88E /* CollageShareUITests */,
			);
		};
/* End PBXProject section */

/* Begin PBXResourcesBuildPhase section */
		3E9BFF031EF0402500DEB88E /* Resources */ = {
			isa = PBXResourcesBuildPhase;
			buildActionMask = 2147483647;
			files = (
				3E9BFF131EF0402500DEB88E /* LaunchScreen.storyboard in Resources */,
				3E9BFF101EF0402500DEB88E /* Assets.xcassets in Resources */,
				3E9BFF0E1EF0402500DEB88E /* Main.storyboard in Resources */,
			);
			runOnlyForDeploymentPostprocessing = 0;
		};
		3E9BFF171EF0402500DEB88E /* Resources */ = {
			isa = PBXResourcesBuildPhase;
			buildActionMask = 2147483647;
			files = (
			);
			runOnlyForDeploymentPostprocessing = 0;
		};
		3E9BFF221EF0402500DEB88E /* Resources */ = {
			isa = PBXResourcesBuildPhase;
			buildActionMask = 2147483647;
			files = (
			);
			runOnlyForDeploymentPostprocessing = 0;
		};
/* End PBXResourcesBuildPhase section */

/* Begin PBXSourcesBuildPhase section */
		3E9BFF011EF0402500DEB88E /* Sources */ = {
			isa = PBXSourcesBuildPhase;
			buildActionMask = 2147483647;
			files = (
				3E9BFF0B1EF0402500DEB88E /* ViewController.swift in Sources */,
				3E9BFF091EF0402500DEB88E /* AppDelegate.swift in Sources */,
			);
			runOnlyForDeploymentPostprocessing = 0;
		};
		3E9BFF151EF0402500DEB88E /* Sources */ = {
			isa = PBXSourcesBuildPhase;
			buildActionMask = 2147483647;
			files = (
			);
			runOnlyForDeploymentPostprocessing = 0;
		};
		3E9BFF201EF0402500DEB88E /* Sources */ = {
			isa = PBXSourcesBuildPhase;
			buildActionMask = 2147483647;
			files = (
			);
			runOnlyForDeploymentPostprocessing = 0;
		};
/* End PBXSourcesBuildPhase section */

/* Begin PBXTargetDependency section */
		3E9BFF1B1EF0402500DEB88E /* PBXTargetDependency */ = {
			isa = PBXTargetDependency;
			target = 3E9BFF041EF0402500DEB88E /* CollageShare */;
			targetProxy = 3E9BFF1A1EF0402500DEB88E /* PBXContainerItemProxy */;
		};
		3E9BFF261EF0402500DEB88E /* PBXTargetDependency */ = {
			isa = PBXTargetDependency;
			target = 3E9BFF041EF0402500DEB88E /* CollageShare */;
			targetProxy = 3E9BFF251EF0402500DEB88E /* PBXContainerItemProxy */;
		};
/* End PBXTargetDependency section */

/* Begin PBXVariantGroup section */
		3E9BFF0C1EF0402500DEB88E /* Main.storyboard */ = {
			isa = PBXVariantGroup;
			children = (
				3E9BFF0D1EF0402500DEB88E /* Base */,
			);
			name = Main.storyboard;
			sourceTree = "<group>";
		};
		3E9BFF111EF0402500DEB88E /* LaunchScreen.storyboard */ = {
			isa = PBXVariantGroup;
			children = (
				3E9BFF121EF0402500DEB88E /* Base */,
			);
			name = LaunchScreen.storyboard;
			sourceTree = "<group>";
		};
/* End PBXVariantGroup section */

/* Begin XCBuildConfiguration section */
		3E9BFF2B1EF0402500DEB88E /* Debug */ = {
			isa = XCBuildConfiguration;
			buildSettings = {
				ALWAYS_SEARCH_USER_PATHS = NO;
				CLANG_ANALYZER_NONNULL = YES;
				CLANG_ANALYZER_NUMBER_OBJECT_CONVERSION = YES_AGGRESSIVE;
				CLANG_CXX_LANGUAGE_STANDARD = "gnu++14";
				CLANG_CXX_LIBRARY = "libc++";
				CLANG_ENABLE_MODULES = YES;
				CLANG_ENABLE_OBJC_ARC = YES;
				CLANG_WARN_BLOCK_CAPTURE_AUTORELEASING = YES;
				CLANG_WARN_BOOL_CONVERSION = YES;
				CLANG_WARN_COMMA = YES;
				CLANG_WARN_CONSTANT_CONVERSION = YES;
				CLANG_WARN_DIRECT_OBJC_ISA_USAGE = YES_ERROR;
				CLANG_WARN_DOCUMENTATION_COMMENTS = YES;
				CLANG_WARN_EMPTY_BODY = YES;
				CLANG_WARN_ENUM_CONVERSION = YES;
				CLANG_WARN_INFINITE_RECURSION = YES;
				CLANG_WARN_INT_CONVERSION = YES;
				CLANG_WARN_OBJC_ROOT_CLASS = YES_ERROR;
				CLANG_WARN_RANGE_LOOP_ANALYSIS = YES;
				CLANG_WARN_STRICT_PROTOTYPES = YES;
				CLANG_WARN_SUSPICIOUS_MOVE = YES;
				CLANG_WARN_UNGUARDED_AVAILABILITY = YES_AGGRESSIVE;
				CLANG_WARN_UNREACHABLE_CODE = YES;
				CLANG_WARN__DUPLICATE_METHOD_MATCH = YES;
				CODE_SIGN_IDENTITY = "iPhone Developer";
				COPY_PHASE_STRIP = NO;
				DEBUG_INFORMATION_FORMAT = dwarf;
				ENABLE_STRICT_OBJC_MSGSEND = YES;
				ENABLE_TESTABILITY = YES;
				GCC_C_LANGUAGE_STANDARD = gnu11;
				GCC_DYNAMIC_NO_PIC = NO;
				GCC_NO_COMMON_BLOCKS = YES;
				GCC_OPTIMIZATION_LEVEL = 0;
				GCC_PREPROCESSOR_DEFINITIONS = (
					"DEBUG=1",
					"$(inherited)",
				);
				GCC_WARN_64_TO_32_BIT_CONVERSION = YES;
				GCC_WARN_ABOUT_RETURN_TYPE = YES_ERROR;
				GCC_WARN_UNDECLARED_SELECTOR = YES;
				GCC_WARN_UNINITIALIZED_AUTOS = YES_AGGRESSIVE;
				GCC_WARN_UNUSED_FUNCTION = YES;
				GCC_WARN_UNUSED_VARIABLE = YES;
				IPHONEOS_DEPLOYMENT_TARGET = 11.0;
				MTL_ENABLE_DEBUG_INFO = YES;
				ONLY_ACTIVE_ARCH = YES;
				SDKROOT = iphoneos;
				SWIFT_ACTIVE_COMPILATION_CONDITIONS = DEBUG;
				SWIFT_OPTIMIZATION_LEVEL = "-Onone";
			};
			name = Debug;
		};
		3E9BFF2C1EF0402500DEB88E /* Release */ = {
			isa = XCBuildConfiguration;
			buildSettings = {
				ALWAYS_SEARCH_USER_PATHS = NO;
				CLANG_ANALYZER_NONNULL = YES;
				CLANG_ANALYZER_NUMBER_OBJECT_CONVERSION = YES_AGGRESSIVE;
				CLANG_CXX_LANGUAGE_STANDARD = "gnu++14";
				CLANG_CXX_LIBRARY = "libc++";
				CLANG_ENABLE_MODULES = YES;
				CLANG_ENABLE_OBJC_ARC = YES;
				CLANG_WARN_BLOCK_CAPTURE_AUTORELEASING = YES;
				CLANG_WARN_BOOL_CONVERSION = YES;
				CLANG_WARN_COMMA = YES;
				CLANG_WARN_CONSTANT_CONVERSION = YES;
				CLANG_WARN_DIRECT_OBJC_ISA_USAGE = YES_ERROR;
				CLANG_WARN_DOCUMENTATION_COMMENTS = YES;
				CLANG_WARN_EMPTY_BODY = YES;
				CLANG_WARN_ENUM_CONVERSION = YES;
				CLANG_WARN_INFINITE_RECURSION = YES;
				CLANG_WARN_INT_CONVERSION = YES;
				CLANG_WARN_OBJC_ROOT_CLASS = YES_ERROR;
				CLANG_WARN_RANGE_LOOP_ANALYSIS = YES;
				CLANG_WARN_STRICT_PROTOTYPES = YES;
				CLANG_WARN_SUSPICIOUS_MOVE = YES;
				CLANG_WARN_UNGUARDED_AVAILABILITY = YES_AGGRESSIVE;
				CLANG_WARN_UNREACHABLE_CODE = YES;
				CLANG_WARN__DUPLICATE_METHOD_MATCH = YES;
				CODE_SIGN_IDENTITY = "iPhone Developer";
				COPY_PHASE_STRIP = NO;
				DEBUG_INFORMATION_FORMAT = "dwarf-with-dsym";
				ENABLE_NS_ASSERTIONS = NO;
				ENABLE_STRICT_OBJC_MSGSEND = YES;
				GCC_C_LANGUAGE_STANDARD = gnu11;
				GCC_NO_COMMON_BLOCKS = YES;
				GCC_WARN_64_TO_32_BIT_CONVERSION = YES;
				GCC_WARN_ABOUT_RETURN_TYPE = YES_ERROR;
				GCC_WARN_UNDECLARED_SELECTOR = YES;
				GCC_WARN_UNINITIALIZED_AUTOS = YES_AGGRESSIVE;
				GCC_WARN_UNUSED_FUNCTION = YES;
				GCC_WARN_UNUSED_VARIABLE = YES;
				IPHONEOS_DEPLOYMENT_TARGET = 11.0;
				MTL_ENABLE_DEBUG_INFO = NO;
				SDKROOT = iphoneos;
				SWIFT_OPTIMIZATION_LEVEL = "-Owholemodule";
				VALIDATE_PRODUCT = YES;
			};
			name = Release;
		};
		3E9BFF2E1EF0402500DEB88E /* Debug */ = {
			isa = XCBuildConfiguration;
			buildSettings = {
				ASSETCATALOG_COMPILER_APPICON_NAME = AppIcon;
				DEVELOPMENT_TEAM = KU4WZ5AUR8;
				INFOPLIST_FILE = CollageShare/Info.plist;
				LD_RUNPATH_SEARCH_PATHS = "$(inherited) @executable_path/Frameworks";
				PRODUCT_BUNDLE_IDENTIFIER = com.lc.CollageShare;
				PRODUCT_NAME = "$(TARGET_NAME)";
				SWIFT_VERSION = 4.0;
				TARGETED_DEVICE_FAMILY = "1,2";
			};
			name = Debug;
		};
		3E9BFF2F1EF0402500DEB88E /* Release */ = {
			isa = XCBuildConfiguration;
			buildSettings = {
				ASSETCATALOG_COMPILER_APPICON_NAME = AppIcon;
				DEVELOPMENT_TEAM = KU4WZ5AUR8;
				INFOPLIST_FILE = CollageShare/Info.plist;
				LD_RUNPATH_SEARCH_PATHS = "$(inherited) @executable_path/Frameworks";
				PRODUCT_BUNDLE_IDENTIFIER = com.lc.CollageShare;
				PRODUCT_NAME = "$(TARGET_NAME)";
				SWIFT_VERSION = 4.0;
				TARGETED_DEVICE_FAMILY = "1,2";
			};
			name = Release;
		};
		3E9BFF311EF0402500DEB88E /* Debug */ = {
			isa = XCBuildConfiguration;
			buildSettings = {
				ALWAYS_EMBED_SWIFT_STANDARD_LIBRARIES = YES;
				BUNDLE_LOADER = "$(TEST_HOST)";
				DEVELOPMENT_TEAM = KU4WZ5AUR8;
				INFOPLIST_FILE = CollageShareTests/Info.plist;
				LD_RUNPATH_SEARCH_PATHS = "$(inherited) @executable_path/Frameworks @loader_path/Frameworks";
				PRODUCT_BUNDLE_IDENTIFIER = com.lc.CollageShareTests;
				PRODUCT_NAME = "$(TARGET_NAME)";
				SWIFT_VERSION = 4.0;
				TARGETED_DEVICE_FAMILY = "1,2";
				TEST_HOST = "$(BUILT_PRODUCTS_DIR)/CollageShare.app/CollageShare";
			};
			name = Debug;
		};
		3E9BFF321EF0402500DEB88E /* Release */ = {
			isa = XCBuildConfiguration;
			buildSettings = {
				ALWAYS_EMBED_SWIFT_STANDARD_LIBRARIES = YES;
				BUNDLE_LOADER = "$(TEST_HOST)";
				DEVELOPMENT_TEAM = KU4WZ5AUR8;
				INFOPLIST_FILE = CollageShareTests/Info.plist;
				LD_RUNPATH_SEARCH_PATHS = "$(inherited) @executable_path/Frameworks @loader_path/Frameworks";
				PRODUCT_BUNDLE_IDENTIFIER = com.lc.CollageShareTests;
				PRODUCT_NAME = "$(TARGET_NAME)";
				SWIFT_VERSION = 4.0;
				TARGETED_DEVICE_FAMILY = "1,2";
				TEST_HOST = "$(BUILT_PRODUCTS_DIR)/CollageShare.app/CollageShare";
			};
			name = Release;
		};
		3E9BFF341EF0402500DEB88E /* Debug */ = {
			isa = XCBuildConfiguration;
			buildSettings = {
				ALWAYS_EMBED_SWIFT_STANDARD_LIBRARIES = YES;
				DEVELOPMENT_TEAM = KU4WZ5AUR8;
				INFOPLIST_FILE = CollageShareUITests/Info.plist;
				LD_RUNPATH_SEARCH_PATHS = "$(inherited) @executable_path/Frameworks @loader_path/Frameworks";
				PRODUCT_BUNDLE_IDENTIFIER = com.lc.CollageShareUITests;
				PRODUCT_NAME = "$(TARGET_NAME)";
				SWIFT_VERSION = 4.0;
				TARGETED_DEVICE_FAMILY = "1,2";
				TEST_TARGET_NAME = CollageShare;
			};
			name = Debug;
		};
		3E9BFF351EF0402500DEB88E /* Release */ = {
			isa = XCBuildConfiguration;
			buildSettings = {
				ALWAYS_EMBED_SWIFT_STANDARD_LIBRARIES = YES;
				DEVELOPMENT_TEAM = KU4WZ5AUR8;
				INFOPLIST_FILE = CollageShareUITests/Info.plist;
				LD_RUNPATH_SEARCH_PATHS = "$(inherited) @executable_path/Frameworks @loader_path/Frameworks";
				PRODUCT_BUNDLE_IDENTIFIER = com.lc.CollageShareUITests;
				PRODUCT_NAME = "$(TARGET_NAME)";
				SWIFT_VERSION = 4.0;
				TARGETED_DEVICE_FAMILY = "1,2";
				TEST_TARGET_NAME = CollageShare;
			};
			name = Release;
		};
/* End XCBuildConfiguration section */

/* Begin XCConfigurationList section */
		3E9BFF001EF0402500DEB88E /* Build configuration list for PBXProject "CollageShare" */ = {
			isa = XCConfigurationList;
			buildConfigurations = (
				3E9BFF2B1EF0402500DEB88E /* Debug */,
				3E9BFF2C1EF0402500DEB88E /* Release */,
			);
			defaultConfigurationIsVisible = 0;
			defaultConfigurationName = Release;
		};
		3E9BFF2D1EF0402500DEB88E /* Build configuration list for PBXNativeTarget "CollageShare" */ = {
			isa = XCConfigurationList;
			buildConfigurations = (
				3E9BFF2E1EF0402500DEB88E /* Debug */,
				3E9BFF2F1EF0402500DEB88E /* Release */,
			);
			defaultConfigurationIsVisible = 0;
		};
		3E9BFF301EF0402500DEB88E /* Build configuration list for PBXNativeTarget "CollageShareTests" */ = {
			isa = XCConfigurationList;
			buildConfigurations = (
				3E9BFF311EF0402500DEB88E /* Debug */,
				3E9BFF321EF0402500DEB88E /* Release */,
			);
			defaultConfigurationIsVisible = 0;
		};
		3E9BFF331EF0402500DEB88E /* Build configuration list for PBXNativeTarget "CollageShareUITests" */ = {
			isa = XCConfigurationList;
			buildConfigurations = (
				3E9BFF341EF0402500DEB88E /* Debug */,
				3E9BFF351EF0402500DEB88E /* Release */,
			);
			defaultConfigurationIsVisible = 0;
		};
/* End XCConfigurationList section */
	};
	rootObject = 3E9BFEFD1EF0402500DEB88E /* Project object */;
}
